// !$*UTF8*$!
{
	archiveVersion = 1;
	classes = {
	};
	objectVersion = 48;
	objects = {

/* Begin PBXBuildFile section */
		83B241342024FF200011A64A /* AppDelegate.swift in Sources */ = {isa = PBXBuildFile; fileRef = 83B241332024FF200011A64A /* AppDelegate.swift */; };
		83B241362024FF200011A64A /* MasterViewController.swift in Sources */ = {isa = PBXBuildFile; fileRef = 83B241352024FF200011A64A /* MasterViewController.swift */; };
		83B241382024FF200011A64A /* DetailViewController.swift in Sources */ = {isa = PBXBuildFile; fileRef = 83B241372024FF200011A64A /* DetailViewController.swift */; };
		83B2413B2024FF200011A64A /* Main.storyboard in Resources */ = {isa = PBXBuildFile; fileRef = 83B241392024FF200011A64A /* Main.storyboard */; };
		83B2413D2024FF200011A64A /* Assets.xcassets in Resources */ = {isa = PBXBuildFile; fileRef = 83B2413C2024FF200011A64A /* Assets.xcassets */; };
		83B241402024FF200011A64A /* LaunchScreen.storyboard in Resources */ = {isa = PBXBuildFile; fileRef = 83B2413E2024FF200011A64A /* LaunchScreen.storyboard */; };
		83B24148202500010011A64A /* CreateRunViewController.swift in Sources */ = {isa = PBXBuildFile; fileRef = 83B24147202500010011A64A /* CreateRunViewController.swift */; };
		83B2414A202500C00011A64A /* Model.swift in Sources */ = {isa = PBXBuildFile; fileRef = 83B24149202500C00011A64A /* Model.swift */; };
		83B2414C202504750011A64A /* RunViewCell.swift in Sources */ = {isa = PBXBuildFile; fileRef = 83B2414B202504750011A64A /* RunViewCell.swift */; };
/* End PBXBuildFile section */

/* Begin PBXFileReference section */
		83B241302024FF200011A64A /* SnackHack.app */ = {isa = PBXFileReference; explicitFileType = wrapper.application; includeInIndex = 0; path = SnackHack.app; sourceTree = BUILT_PRODUCTS_DIR; };
		83B241332024FF200011A64A /* AppDelegate.swift */ = {isa = PBXFileReference; lastKnownFileType = sourcecode.swift; path = AppDelegate.swift; sourceTree = "<group>"; };
		83B241352024FF200011A64A /* MasterViewController.swift */ = {isa = PBXFileReference; lastKnownFileType = sourcecode.swift; path = MasterViewController.swift; sourceTree = "<group>"; };
		83B241372024FF200011A64A /* DetailViewController.swift */ = {isa = PBXFileReference; lastKnownFileType = sourcecode.swift; path = DetailViewController.swift; sourceTree = "<group>"; };
		83B2413A2024FF200011A64A /* Base */ = {isa = PBXFileReference; lastKnownFileType = file.storyboard; name = Base; path = Base.lproj/Main.storyboard; sourceTree = "<group>"; };
		83B2413C2024FF200011A64A /* Assets.xcassets */ = {isa = PBXFileReference; lastKnownFileType = folder.assetcatalog; path = Assets.xcassets; sourceTree = "<group>"; };
		83B2413F2024FF200011A64A /* Base */ = {isa = PBXFileReference; lastKnownFileType = file.storyboard; name = Base; path = Base.lproj/LaunchScreen.storyboard; sourceTree = "<group>"; };
		83B241412024FF200011A64A /* Info.plist */ = {isa = PBXFileReference; lastKnownFileType = text.plist.xml; path = Info.plist; sourceTree = "<group>"; };
		83B24147202500010011A64A /* CreateRunViewController.swift */ = {isa = PBXFileReference; lastKnownFileType = sourcecode.swift; path = CreateRunViewController.swift; sourceTree = "<group>"; };
		83B24149202500C00011A64A /* Model.swift */ = {isa = PBXFileReference; lastKnownFileType = sourcecode.swift; path = Model.swift; sourceTree = "<group>"; };
		83B2414B202504750011A64A /* RunViewCell.swift */ = {isa = PBXFileReference; lastKnownFileType = sourcecode.swift; path = RunViewCell.swift; sourceTree = "<group>"; };
/* End PBXFileReference section */

/* Begin PBXFrameworksBuildPhase section */
		83B2412D2024FF200011A64A /* Frameworks */ = {
			isa = PBXFrameworksBuildPhase;
			buildActionMask = 2147483647;
			files = (
			);
			runOnlyForDeploymentPostprocessing = 0;
		};
/* End PBXFrameworksBuildPhase section */

/* Begin PBXGroup section */
		83B241272024FF1F0011A64A = {
			isa = PBXGroup;
			children = (
				83B241322024FF200011A64A /* SnackHack */,
				83B241312024FF200011A64A /* Products */,
			);
			sourceTree = "<group>";
		};
		83B241312024FF200011A64A /* Products */ = {
			isa = PBXGroup;
			children = (
				83B241302024FF200011A64A /* SnackHack.app */,
			);
			name = Products;
			sourceTree = "<group>";
		};
		83B241322024FF200011A64A /* SnackHack */ = {
			isa = PBXGroup;
			children = (
				83B241332024FF200011A64A /* AppDelegate.swift */,
				83B241352024FF200011A64A /* MasterViewController.swift */,
				83B2414B202504750011A64A /* RunViewCell.swift */,
				83B241372024FF200011A64A /* DetailViewController.swift */,
				83B241392024FF200011A64A /* Main.storyboard */,
				83B24149202500C00011A64A /* Model.swift */,
				83B24147202500010011A64A /* CreateRunViewController.swift */,
				83B2413C2024FF200011A64A /* Assets.xcassets */,
				83B2413E2024FF200011A64A /* LaunchScreen.storyboard */,
				83B241412024FF200011A64A /* Info.plist */,
			);
			path = SnackHack;
			sourceTree = "<group>";
		};
/* End PBXGroup section */

/* Begin PBXNativeTarget section */
		83B2412F2024FF200011A64A /* SnackHack */ = {
			isa = PBXNativeTarget;
			buildConfigurationList = 83B241442024FF200011A64A /* Build configuration list for PBXNativeTarget "SnackHack" */;
			buildPhases = (
				83B2412C2024FF200011A64A /* Sources */,
				83B2412D2024FF200011A64A /* Frameworks */,
				83B2412E2024FF200011A64A /* Resources */,
			);
			buildRules = (
			);
			dependencies = (
			);
			name = SnackHack;
			productName = SnackHack;
			productReference = 83B241302024FF200011A64A /* SnackHack.app */;
			productType = "com.apple.product-type.application";
		};
/* End PBXNativeTarget section */

/* Begin PBXProject section */
		83B241282024FF1F0011A64A /* Project object */ = {
			isa = PBXProject;
			attributes = {
				LastSwiftUpdateCheck = 0920;
				LastUpgradeCheck = 0920;
				ORGANIZATIONNAME = "Kiara Wahnschafft";
				TargetAttributes = {
					83B2412F2024FF200011A64A = {
						CreatedOnToolsVersion = 9.2;
						ProvisioningStyle = Automatic;
					};
				};
			};
			buildConfigurationList = 83B2412B2024FF1F0011A64A /* Build configuration list for PBXProject "SnackHack" */;
			compatibilityVersion = "Xcode 8.0";
			developmentRegion = en;
			hasScannedForEncodings = 0;
			knownRegions = (
				en,
				Base,
			);
			mainGroup = 83B241272024FF1F0011A64A;
			productRefGroup = 83B241312024FF200011A64A /* Products */;
			projectDirPath = "";
			projectRoot = "";
			targets = (
				83B2412F2024FF200011A64A /* SnackHack */,
			);
		};
/* End PBXProject section */

/* Begin PBXResourcesBuildPhase section */
		83B2412E2024FF200011A64A /* Resources */ = {
			isa = PBXResourcesBuildPhase;
			buildActionMask = 2147483647;
			files = (
				83B241402024FF200011A64A /* LaunchScreen.storyboard in Resources */,
				83B2413D2024FF200011A64A /* Assets.xcassets in Resources */,
				83B2413B2024FF200011A64A /* Main.storyboard in Resources */,
			);
			runOnlyForDeploymentPostprocessing = 0;
		};
/* End PBXResourcesBuildPhase section */

/* Begin PBXSourcesBuildPhase section */
		83B2412C2024FF200011A64A /* Sources */ = {
			isa = PBXSourcesBuildPhase;
			buildActionMask = 2147483647;
			files = (
				83B2414C202504750011A64A /* RunViewCell.swift in Sources */,
				83B2414A202500C00011A64A /* Model.swift in Sources */,
				83B24148202500010011A64A /* CreateRunViewController.swift in Sources */,
				83B241382024FF200011A64A /* DetailViewController.swift in Sources */,
				83B241362024FF200011A64A /* MasterViewController.swift in Sources */,
				83B241342024FF200011A64A /* AppDelegate.swift in Sources */,
			);
			runOnlyForDeploymentPostprocessing = 0;
		};
/* End PBXSourcesBuildPhase section */

/* Begin PBXVariantGroup section */
		83B241392024FF200011A64A /* Main.storyboard */ = {
			isa = PBXVariantGroup;
			children = (
				83B2413A2024FF200011A64A /* Base */,
			);
			name = Main.storyboard;
			sourceTree = "<group>";
		};
		83B2413E2024FF200011A64A /* LaunchScreen.storyboard */ = {
			isa = PBXVariantGroup;
			children = (
				83B2413F2024FF200011A64A /* Base */,
			);
			name = LaunchScreen.storyboard;
			sourceTree = "<group>";
		};
/* End PBXVariantGroup section */

/* Begin XCBuildConfiguration section */
		83B241422024FF200011A64A /* Debug */ = {
			isa = XCBuildConfiguration;
			buildSettings = {
				ALWAYS_SEARCH_USER_PATHS = NO;
				CLANG_ANALYZER_NONNULL = YES;
				CLANG_ANALYZER_NUMBER_OBJECT_CONVERSION = YES_AGGRESSIVE;
				CLANG_CXX_LANGUAGE_STANDARD = "gnu++14";
				CLANG_CXX_LIBRARY = "libc++";
				CLANG_ENABLE_MODULES = YES;
				CLANG_ENABLE_OBJC_ARC = YES;
				CLANG_WARN_BLOCK_CAPTURE_AUTORELEASING = YES;
				CLANG_WARN_BOOL_CONVERSION = YES;
				CLANG_WARN_COMMA = YES;
				CLANG_WARN_CONSTANT_CONVERSION = YES;
				CLANG_WARN_DIRECT_OBJC_ISA_USAGE = YES_ERROR;
				CLANG_WARN_DOCUMENTATION_COMMENTS = YES;
				CLANG_WARN_EMPTY_BODY = YES;
				CLANG_WARN_ENUM_CONVERSION = YES;
				CLANG_WARN_INFINITE_RECURSION = YES;
				CLANG_WARN_INT_CONVERSION = YES;
				CLANG_WARN_NON_LITERAL_NULL_CONVERSION = YES;
				CLANG_WARN_OBJC_LITERAL_CONVERSION = YES;
				CLANG_WARN_OBJC_ROOT_CLASS = YES_ERROR;
				CLANG_WARN_RANGE_LOOP_ANALYSIS = YES;
				CLANG_WARN_STRICT_PROTOTYPES = YES;
				CLANG_WARN_SUSPICIOUS_MOVE = YES;
				CLANG_WARN_UNGUARDED_AVAILABILITY = YES_AGGRESSIVE;
				CLANG_WARN_UNREACHABLE_CODE = YES;
				CLANG_WARN__DUPLICATE_METHOD_MATCH = YES;
				CODE_SIGN_IDENTITY = "iPhone Developer";
				COPY_PHASE_STRIP = NO;
				DEBUG_INFORMATION_FORMAT = dwarf;
				ENABLE_STRICT_OBJC_MSGSEND = YES;
				ENABLE_TESTABILITY = YES;
				GCC_C_LANGUAGE_STANDARD = gnu11;
				GCC_DYNAMIC_NO_PIC = NO;
				GCC_NO_COMMON_BLOCKS = YES;
				GCC_OPTIMIZATION_LEVEL = 0;
				GCC_PREPROCESSOR_DEFINITIONS = (
					"DEBUG=1",
					"$(inherited)",
				);
				GCC_WARN_64_TO_32_BIT_CONVERSION = YES;
				GCC_WARN_ABOUT_RETURN_TYPE = YES_ERROR;
				GCC_WARN_UNDECLARED_SELECTOR = YES;
				GCC_WARN_UNINITIALIZED_AUTOS = YES_AGGRESSIVE;
				GCC_WARN_UNUSED_FUNCTION = YES;
				GCC_WARN_UNUSED_VARIABLE = YES;
				IPHONEOS_DEPLOYMENT_TARGET = 11.2;
				MTL_ENABLE_DEBUG_INFO = YES;
				ONLY_ACTIVE_ARCH = YES;
				SDKROOT = iphoneos;
				SWIFT_ACTIVE_COMPILATION_CONDITIONS = DEBUG;
				SWIFT_OPTIMIZATION_LEVEL = "-Onone";
			};
			name = Debug;
		};
		83B241432024FF200011A64A /* Release */ = {
			isa = XCBuildConfiguration;
			buildSettings = {
				ALWAYS_SEARCH_USER_PATHS = NO;
				CLANG_ANALYZER_NONNULL = YES;
				CLANG_ANALYZER_NUMBER_OBJECT_CONVERSION = YES_AGGRESSIVE;
				CLANG_CXX_LANGUAGE_STANDARD = "gnu++14";
				CLANG_CXX_LIBRARY = "libc++";
				CLANG_ENABLE_MODULES = YES;
				CLANG_ENABLE_OBJC_ARC = YES;
				CLANG_WARN_BLOCK_CAPTURE_AUTORELEASING = YES;
				CLANG_WARN_BOOL_CONVERSION = YES;
				CLANG_WARN_COMMA = YES;
				CLANG_WARN_CONSTANT_CONVERSION = YES;
				CLANG_WARN_DIRECT_OBJC_ISA_USAGE = YES_ERROR;
				CLANG_WARN_DOCUMENTATION_COMMENTS = YES;
				CLANG_WARN_EMPTY_BODY = YES;
				CLANG_WARN_ENUM_CONVERSION = YES;
				CLANG_WARN_INFINITE_RECURSION = YES;
				CLANG_WARN_INT_CONVERSION = YES;
				CLANG_WARN_NON_LITERAL_NULL_CONVERSION = YES;
				CLANG_WARN_OBJC_LITERAL_CONVERSION = YES;
				CLANG_WARN_OBJC_ROOT_CLASS = YES_ERROR;
				CLANG_WARN_RANGE_LOOP_ANALYSIS = YES;
				CLANG_WARN_STRICT_PROTOTYPES = YES;
				CLANG_WARN_SUSPICIOUS_MOVE = YES;
				CLANG_WARN_UNGUARDED_AVAILABILITY = YES_AGGRESSIVE;
				CLANG_WARN_UNREACHABLE_CODE = YES;
				CLANG_WARN__DUPLICATE_METHOD_MATCH = YES;
				CODE_SIGN_IDENTITY = "iPhone Developer";
				COPY_PHASE_STRIP = NO;
				DEBUG_INFORMATION_FORMAT = "dwarf-with-dsym";
				ENABLE_NS_ASSERTIONS = NO;
				ENABLE_STRICT_OBJC_MSGSEND = YES;
				GCC_C_LANGUAGE_STANDARD = gnu11;
				GCC_NO_COMMON_BLOCKS = YES;
				GCC_WARN_64_TO_32_BIT_CONVERSION = YES;
				GCC_WARN_ABOUT_RETURN_TYPE = YES_ERROR;
				GCC_WARN_UNDECLARED_SELECTOR = YES;
				GCC_WARN_UNINITIALIZED_AUTOS = YES_AGGRESSIVE;
				GCC_WARN_UNUSED_FUNCTION = YES;
				GCC_WARN_UNUSED_VARIABLE = YES;
				IPHONEOS_DEPLOYMENT_TARGET = 11.2;
				MTL_ENABLE_DEBUG_INFO = NO;
				SDKROOT = iphoneos;
				SWIFT_OPTIMIZATION_LEVEL = "-Owholemodule";
				VALIDATE_PRODUCT = YES;
			};
			name = Release;
		};
		83B241452024FF200011A64A /* Debug */ = {
			isa = XCBuildConfiguration;
			buildSettings = {
				ASSETCATALOG_COMPILER_APPICON_NAME = AppIcon;
				CODE_SIGN_STYLE = Automatic;
				DEVELOPMENT_TEAM = T4QJDA55VR;
				INFOPLIST_FILE = SnackHack/Info.plist;
				LD_RUNPATH_SEARCH_PATHS = "$(inherited) @executable_path/Frameworks";
				PRODUCT_BUNDLE_IDENTIFIER = com.kiara.SnackHack;
				PRODUCT_NAME = "$(TARGET_NAME)";
				SWIFT_VERSION = 4.0;
				TARGETED_DEVICE_FAMILY = "1,2";
			};
			name = Debug;
		};
		83B241462024FF200011A64A /* Release */ = {
			isa = XCBuildConfiguration;
			buildSettings = {
				ASSETCATALOG_COMPILER_APPICON_NAME = AppIcon;
				CODE_SIGN_STYLE = Automatic;
				DEVELOPMENT_TEAM = T4QJDA55VR;
				INFOPLIST_FILE = SnackHack/Info.plist;
				LD_RUNPATH_SEARCH_PATHS = "$(inherited) @executable_path/Frameworks";
				PRODUCT_BUNDLE_IDENTIFIER = com.kiara.SnackHack;
				PRODUCT_NAME = "$(TARGET_NAME)";
				SWIFT_VERSION = 4.0;
				TARGETED_DEVICE_FAMILY = "1,2";
			};
			name = Release;
		};
/* End XCBuildConfiguration section */

/* Begin XCConfigurationList section */
		83B2412B2024FF1F0011A64A /* Build configuration list for PBXProject "SnackHack" */ = {
			isa = XCConfigurationList;
			buildConfigurations = (
				83B241422024FF200011A64A /* Debug */,
				83B241432024FF200011A64A /* Release */,
			);
			defaultConfigurationIsVisible = 0;
			defaultConfigurationName = Release;
		};
		83B241442024FF200011A64A /* Build configuration list for PBXNativeTarget "SnackHack" */ = {
			isa = XCConfigurationList;
			buildConfigurations = (
				83B241452024FF200011A64A /* Debug */,
				83B241462024FF200011A64A /* Release */,
			);
			defaultConfigurationIsVisible = 0;
			defaultConfigurationName = Release;
		};
/* End XCConfigurationList section */
	};
	rootObject = 83B241282024FF1F0011A64A /* Project object */;
}
